// !$*UTF8*$!
{
	archiveVersion = 1;
	classes = {
	};
	objectVersion = 46;
	objects = {

/* Begin PBXBuildFile section */
		3110A29A1DA729B2003618C1 /* AppDelegate.swift in Sources */ = {isa = PBXBuildFile; fileRef = 3110A2991DA729B2003618C1 /* AppDelegate.swift */; };
		3110A29C1DA729B2003618C1 /* DoctorsViewController.swift in Sources */ = {isa = PBXBuildFile; fileRef = 3110A29B1DA729B2003618C1 /* DoctorsViewController.swift */; };
		3110A29E1DA729B2003618C1 /* DoctorsDetailViewController.swift in Sources */ = {isa = PBXBuildFile; fileRef = 3110A29D1DA729B2003618C1 /* DoctorsDetailViewController.swift */; };
		3110A2A31DA729B2003618C1 /* Assets.xcassets in Resources */ = {isa = PBXBuildFile; fileRef = 3110A2A21DA729B2003618C1 /* Assets.xcassets */; };
		3110A2A61DA729B2003618C1 /* LaunchScreen.storyboard in Resources */ = {isa = PBXBuildFile; fileRef = 3110A2A41DA729B2003618C1 /* LaunchScreen.storyboard */; };
		3110A2B11DA729B3003618C1 /* SleepAppSwiftTests.swift in Sources */ = {isa = PBXBuildFile; fileRef = 3110A2B01DA729B3003618C1 /* SleepAppSwiftTests.swift */; };
		3110A2BC1DA729B3003618C1 /* SleepAppSwiftUITests.swift in Sources */ = {isa = PBXBuildFile; fileRef = 3110A2BB1DA729B3003618C1 /* SleepAppSwiftUITests.swift */; };
		3110A2CA1DA74150003618C1 /* Main.storyboard in Resources */ = {isa = PBXBuildFile; fileRef = 3110A2C91DA74150003618C1 /* Main.storyboard */; };
		3110A2CC1DA74710003618C1 /* KnowledgeViewController.swift in Sources */ = {isa = PBXBuildFile; fileRef = 3110A2CB1DA74710003618C1 /* KnowledgeViewController.swift */; };
		3110A2CE1DA74725003618C1 /* KnowledgeDetailViewController.swift in Sources */ = {isa = PBXBuildFile; fileRef = 3110A2CD1DA74725003618C1 /* KnowledgeDetailViewController.swift */; };
		3110A2D01DA75674003618C1 /* QualityAudioViewController.swift in Sources */ = {isa = PBXBuildFile; fileRef = 3110A2CF1DA75674003618C1 /* QualityAudioViewController.swift */; };
		3110A2D21DA76215003618C1 /* RecordViewController.swift in Sources */ = {isa = PBXBuildFile; fileRef = 3110A2D11DA76215003618C1 /* RecordViewController.swift */; };
		3110A2D41DA77396003618C1 /* RecordListViewController.swift in Sources */ = {isa = PBXBuildFile; fileRef = 3110A2D31DA77396003618C1 /* RecordListViewController.swift */; };
		3110A2D61DA776AE003618C1 /* PlayViewController.swift in Sources */ = {isa = PBXBuildFile; fileRef = 3110A2D51DA776AE003618C1 /* PlayViewController.swift */; };
/* End PBXBuildFile section */

/* Begin PBXContainerItemProxy section */
		3110A2AD1DA729B3003618C1 /* PBXContainerItemProxy */ = {
			isa = PBXContainerItemProxy;
			containerPortal = 3110A28E1DA729B2003618C1 /* Project object */;
			proxyType = 1;
			remoteGlobalIDString = 3110A2951DA729B2003618C1;
			remoteInfo = SleepAppSwift;
		};
		3110A2B81DA729B3003618C1 /* PBXContainerItemProxy */ = {
			isa = PBXContainerItemProxy;
			containerPortal = 3110A28E1DA729B2003618C1 /* Project object */;
			proxyType = 1;
			remoteGlobalIDString = 3110A2951DA729B2003618C1;
			remoteInfo = SleepAppSwift;
		};
/* End PBXContainerItemProxy section */

/* Begin PBXFileReference section */
		3110A2961DA729B2003618C1 /* SleepAppSwift.app */ = {isa = PBXFileReference; explicitFileType = wrapper.application; includeInIndex = 0; path = SleepAppSwift.app; sourceTree = BUILT_PRODUCTS_DIR; };
		3110A2991DA729B2003618C1 /* AppDelegate.swift */ = {isa = PBXFileReference; lastKnownFileType = sourcecode.swift; path = AppDelegate.swift; sourceTree = "<group>"; };
		3110A29B1DA729B2003618C1 /* DoctorsViewController.swift */ = {isa = PBXFileReference; lastKnownFileType = sourcecode.swift; path = DoctorsViewController.swift; sourceTree = "<group>"; };
		3110A29D1DA729B2003618C1 /* DoctorsDetailViewController.swift */ = {isa = PBXFileReference; lastKnownFileType = sourcecode.swift; path = DoctorsDetailViewController.swift; sourceTree = "<group>"; };
		3110A2A21DA729B2003618C1 /* Assets.xcassets */ = {isa = PBXFileReference; lastKnownFileType = folder.assetcatalog; path = Assets.xcassets; sourceTree = "<group>"; };
		3110A2A51DA729B2003618C1 /* Base */ = {isa = PBXFileReference; lastKnownFileType = file.storyboard; name = Base; path = Base.lproj/LaunchScreen.storyboard; sourceTree = "<group>"; };
		3110A2A71DA729B2003618C1 /* Info.plist */ = {isa = PBXFileReference; lastKnownFileType = text.plist.xml; path = Info.plist; sourceTree = "<group>"; };
		3110A2AC1DA729B3003618C1 /* SleepAppSwiftTests.xctest */ = {isa = PBXFileReference; explicitFileType = wrapper.cfbundle; includeInIndex = 0; path = SleepAppSwiftTests.xctest; sourceTree = BUILT_PRODUCTS_DIR; };
		3110A2B01DA729B3003618C1 /* SleepAppSwiftTests.swift */ = {isa = PBXFileReference; lastKnownFileType = sourcecode.swift; path = SleepAppSwiftTests.swift; sourceTree = "<group>"; };
		3110A2B21DA729B3003618C1 /* Info.plist */ = {isa = PBXFileReference; lastKnownFileType = text.plist.xml; path = Info.plist; sourceTree = "<group>"; };
		3110A2B71DA729B3003618C1 /* SleepAppSwiftUITests.xctest */ = {isa = PBXFileReference; explicitFileType = wrapper.cfbundle; includeInIndex = 0; path = SleepAppSwiftUITests.xctest; sourceTree = BUILT_PRODUCTS_DIR; };
		3110A2BB1DA729B3003618C1 /* SleepAppSwiftUITests.swift */ = {isa = PBXFileReference; lastKnownFileType = sourcecode.swift; path = SleepAppSwiftUITests.swift; sourceTree = "<group>"; };
		3110A2BD1DA729B3003618C1 /* Info.plist */ = {isa = PBXFileReference; lastKnownFileType = text.plist.xml; path = Info.plist; sourceTree = "<group>"; };
		3110A2C91DA74150003618C1 /* Main.storyboard */ = {isa = PBXFileReference; fileEncoding = 4; lastKnownFileType = file.storyboard; path = Main.storyboard; sourceTree = "<group>"; };
		3110A2CB1DA74710003618C1 /* KnowledgeViewController.swift */ = {isa = PBXFileReference; fileEncoding = 4; lastKnownFileType = sourcecode.swift; path = KnowledgeViewController.swift; sourceTree = "<group>"; };
		3110A2CD1DA74725003618C1 /* KnowledgeDetailViewController.swift */ = {isa = PBXFileReference; fileEncoding = 4; lastKnownFileType = sourcecode.swift; path = KnowledgeDetailViewController.swift; sourceTree = "<group>"; };
		3110A2CF1DA75674003618C1 /* QualityAudioViewController.swift */ = {isa = PBXFileReference; fileEncoding = 4; lastKnownFileType = sourcecode.swift; path = QualityAudioViewController.swift; sourceTree = "<group>"; };
		3110A2D11DA76215003618C1 /* RecordViewController.swift */ = {isa = PBXFileReference; fileEncoding = 4; lastKnownFileType = sourcecode.swift; path = RecordViewController.swift; sourceTree = "<group>"; };
		3110A2D31DA77396003618C1 /* RecordListViewController.swift */ = {isa = PBXFileReference; fileEncoding = 4; lastKnownFileType = sourcecode.swift; path = RecordListViewController.swift; sourceTree = "<group>"; };
		3110A2D51DA776AE003618C1 /* PlayViewController.swift */ = {isa = PBXFileReference; fileEncoding = 4; lastKnownFileType = sourcecode.swift; path = PlayViewController.swift; sourceTree = "<group>"; };
/* End PBXFileReference section */

/* Begin PBXFrameworksBuildPhase section */
		3110A2931DA729B2003618C1 /* Frameworks */ = {
			isa = PBXFrameworksBuildPhase;
			buildActionMask = 2147483647;
			files = (
			);
			runOnlyForDeploymentPostprocessing = 0;
		};
		3110A2A91DA729B3003618C1 /* Frameworks */ = {
			isa = PBXFrameworksBuildPhase;
			buildActionMask = 2147483647;
			files = (
			);
			runOnlyForDeploymentPostprocessing = 0;
		};
		3110A2B41DA729B3003618C1 /* Frameworks */ = {
			isa = PBXFrameworksBuildPhase;
			buildActionMask = 2147483647;
			files = (
			);
			runOnlyForDeploymentPostprocessing = 0;
		};
/* End PBXFrameworksBuildPhase section */

/* Begin PBXGroup section */
		3110A28D1DA729B2003618C1 = {
			isa = PBXGroup;
			children = (
				3110A2981DA729B2003618C1 /* SleepAppSwift */,
				3110A2AF1DA729B3003618C1 /* SleepAppSwiftTests */,
				3110A2BA1DA729B3003618C1 /* SleepAppSwiftUITests */,
				3110A2971DA729B2003618C1 /* Products */,
			);
			sourceTree = "<group>";
		};
		3110A2971DA729B2003618C1 /* Products */ = {
			isa = PBXGroup;
			children = (
				3110A2961DA729B2003618C1 /* SleepAppSwift.app */,
				3110A2AC1DA729B3003618C1 /* SleepAppSwiftTests.xctest */,
				3110A2B71DA729B3003618C1 /* SleepAppSwiftUITests.xctest */,
			);
			name = Products;
			sourceTree = "<group>";
		};
		3110A2981DA729B2003618C1 /* SleepAppSwift */ = {
			isa = PBXGroup;
			children = (
				3110A2991DA729B2003618C1 /* AppDelegate.swift */,
				3110A29B1DA729B2003618C1 /* DoctorsViewController.swift */,
				3110A29D1DA729B2003618C1 /* DoctorsDetailViewController.swift */,
				3110A2CB1DA74710003618C1 /* KnowledgeViewController.swift */,
				3110A2CD1DA74725003618C1 /* KnowledgeDetailViewController.swift */,
				3110A2CF1DA75674003618C1 /* QualityAudioViewController.swift */,
				3110A2D11DA76215003618C1 /* RecordViewController.swift */,
				3110A2D31DA77396003618C1 /* RecordListViewController.swift */,
				3110A2D51DA776AE003618C1 /* PlayViewController.swift */,
				3110A2C91DA74150003618C1 /* Main.storyboard */,
				3110A2A21DA729B2003618C1 /* Assets.xcassets */,
				3110A2A41DA729B2003618C1 /* LaunchScreen.storyboard */,
				3110A2A71DA729B2003618C1 /* Info.plist */,
			);
			path = SleepAppSwift;
			sourceTree = "<group>";
		};
		3110A2AF1DA729B3003618C1 /* SleepAppSwiftTests */ = {
			isa = PBXGroup;
			children = (
				3110A2B01DA729B3003618C1 /* SleepAppSwiftTests.swift */,
				3110A2B21DA729B3003618C1 /* Info.plist */,
			);
			path = SleepAppSwiftTests;
			sourceTree = "<group>";
		};
		3110A2BA1DA729B3003618C1 /* SleepAppSwiftUITests */ = {
			isa = PBXGroup;
			children = (
				3110A2BB1DA729B3003618C1 /* SleepAppSwiftUITests.swift */,
				3110A2BD1DA729B3003618C1 /* Info.plist */,
			);
			path = SleepAppSwiftUITests;
			sourceTree = "<group>";
		};
/* End PBXGroup section */

/* Begin PBXNativeTarget section */
		3110A2951DA729B2003618C1 /* SleepAppSwift */ = {
			isa = PBXNativeTarget;
			buildConfigurationList = 3110A2C01DA729B3003618C1 /* Build configuration list for PBXNativeTarget "SleepAppSwift" */;
			buildPhases = (
				3110A2921DA729B2003618C1 /* Sources */,
				3110A2931DA729B2003618C1 /* Frameworks */,
				3110A2941DA729B2003618C1 /* Resources */,
			);
			buildRules = (
			);
			dependencies = (
			);
			name = SleepAppSwift;
			productName = SleepAppSwift;
			productReference = 3110A2961DA729B2003618C1 /* SleepAppSwift.app */;
			productType = "com.apple.product-type.application";
		};
		3110A2AB1DA729B3003618C1 /* SleepAppSwiftTests */ = {
			isa = PBXNativeTarget;
			buildConfigurationList = 3110A2C31DA729B3003618C1 /* Build configuration list for PBXNativeTarget "SleepAppSwiftTests" */;
			buildPhases = (
				3110A2A81DA729B3003618C1 /* Sources */,
				3110A2A91DA729B3003618C1 /* Frameworks */,
				3110A2AA1DA729B3003618C1 /* Resources */,
			);
			buildRules = (
			);
			dependencies = (
				3110A2AE1DA729B3003618C1 /* PBXTargetDependency */,
			);
			name = SleepAppSwiftTests;
			productName = SleepAppSwiftTests;
			productReference = 3110A2AC1DA729B3003618C1 /* SleepAppSwiftTests.xctest */;
			productType = "com.apple.product-type.bundle.unit-test";
		};
		3110A2B61DA729B3003618C1 /* SleepAppSwiftUITests */ = {
			isa = PBXNativeTarget;
			buildConfigurationList = 3110A2C61DA729B3003618C1 /* Build configuration list for PBXNativeTarget "SleepAppSwiftUITests" */;
			buildPhases = (
				3110A2B31DA729B3003618C1 /* Sources */,
				3110A2B41DA729B3003618C1 /* Frameworks */,
				3110A2B51DA729B3003618C1 /* Resources */,
			);
			buildRules = (
			);
			dependencies = (
				3110A2B91DA729B3003618C1 /* PBXTargetDependency */,
			);
			name = SleepAppSwiftUITests;
			productName = SleepAppSwiftUITests;
			productReference = 3110A2B71DA729B3003618C1 /* SleepAppSwiftUITests.xctest */;
			productType = "com.apple.product-type.bundle.ui-testing";
		};
/* End PBXNativeTarget section */

/* Begin PBXProject section */
		3110A28E1DA729B2003618C1 /* Project object */ = {
			isa = PBXProject;
			attributes = {
				LastSwiftUpdateCheck = 0730;
				LastUpgradeCheck = 0800;
				ORGANIZATIONNAME = "陆红";
				TargetAttributes = {
					3110A2951DA729B2003618C1 = {
						CreatedOnToolsVersion = 7.3.1;
						LastSwiftMigration = 0800;
					};
					3110A2AB1DA729B3003618C1 = {
						CreatedOnToolsVersion = 7.3.1;
						LastSwiftMigration = 0800;
						TestTargetID = 3110A2951DA729B2003618C1;
					};
					3110A2B61DA729B3003618C1 = {
						CreatedOnToolsVersion = 7.3.1;
						LastSwiftMigration = 0800;
						TestTargetID = 3110A2951DA729B2003618C1;
					};
				};
			};
			buildConfigurationList = 3110A2911DA729B2003618C1 /* Build configuration list for PBXProject "SleepAppSwift" */;
			compatibilityVersion = "Xcode 3.2";
			developmentRegion = English;
			hasScannedForEncodings = 0;
			knownRegions = (
				en,
				Base,
			);
			mainGroup = 3110A28D1DA729B2003618C1;
			productRefGroup = 3110A2971DA729B2003618C1 /* Products */;
			projectDirPath = "";
			projectRoot = "";
			targets = (
				3110A2951DA729B2003618C1 /* SleepAppSwift */,
				3110A2AB1DA729B3003618C1 /* SleepAppSwiftTests */,
				3110A2B61DA729B3003618C1 /* SleepAppSwiftUITests */,
			);
		};
/* End PBXProject section */

/* Begin PBXResourcesBuildPhase section */
		3110A2941DA729B2003618C1 /* Resources */ = {
			isa = PBXResourcesBuildPhase;
			buildActionMask = 2147483647;
			files = (
				3110A2CA1DA74150003618C1 /* Main.storyboard in Resources */,
				3110A2A61DA729B2003618C1 /* LaunchScreen.storyboard in Resources */,
				3110A2A31DA729B2003618C1 /* Assets.xcassets in Resources */,
			);
			runOnlyForDeploymentPostprocessing = 0;
		};
		3110A2AA1DA729B3003618C1 /* Resources */ = {
			isa = PBXResourcesBuildPhase;
			buildActionMask = 2147483647;
			files = (
			);
			runOnlyForDeploymentPostprocessing = 0;
		};
		3110A2B51DA729B3003618C1 /* Resources */ = {
			isa = PBXResourcesBuildPhase;
			buildActionMask = 2147483647;
			files = (
			);
			runOnlyForDeploymentPostprocessing = 0;
		};
/* End PBXResourcesBuildPhase section */

/* Begin PBXSourcesBuildPhase section */
		3110A2921DA729B2003618C1 /* Sources */ = {
			isa = PBXSourcesBuildPhase;
			buildActionMask = 2147483647;
			files = (
				3110A29E1DA729B2003618C1 /* DoctorsDetailViewController.swift in Sources */,
				3110A2D61DA776AE003618C1 /* PlayViewController.swift in Sources */,
				3110A29A1DA729B2003618C1 /* AppDelegate.swift in Sources */,
				3110A2CE1DA74725003618C1 /* KnowledgeDetailViewController.swift in Sources */,
				3110A2D41DA77396003618C1 /* RecordListViewController.swift in Sources */,
				3110A2D21DA76215003618C1 /* RecordViewController.swift in Sources */,
				3110A29C1DA729B2003618C1 /* DoctorsViewController.swift in Sources */,
				3110A2D01DA75674003618C1 /* QualityAudioViewController.swift in Sources */,
				3110A2CC1DA74710003618C1 /* KnowledgeViewController.swift in Sources */,
			);
			runOnlyForDeploymentPostprocessing = 0;
		};
		3110A2A81DA729B3003618C1 /* Sources */ = {
			isa = PBXSourcesBuildPhase;
			buildActionMask = 2147483647;
			files = (
				3110A2B11DA729B3003618C1 /* SleepAppSwiftTests.swift in Sources */,
			);
			runOnlyForDeploymentPostprocessing = 0;
		};
		3110A2B31DA729B3003618C1 /* Sources */ = {
			isa = PBXSourcesBuildPhase;
			buildActionMask = 2147483647;
			files = (
				3110A2BC1DA729B3003618C1 /* SleepAppSwiftUITests.swift in Sources */,
			);
			runOnlyForDeploymentPostprocessing = 0;
		};
/* End PBXSourcesBuildPhase section */

/* Begin PBXTargetDependency section */
		3110A2AE1DA729B3003618C1 /* PBXTargetDependency */ = {
			isa = PBXTargetDependency;
			target = 3110A2951DA729B2003618C1 /* SleepAppSwift */;
			targetProxy = 3110A2AD1DA729B3003618C1 /* PBXContainerItemProxy */;
		};
		3110A2B91DA729B3003618C1 /* PBXTargetDependency */ = {
			isa = PBXTargetDependency;
			target = 3110A2951DA729B2003618C1 /* SleepAppSwift */;
			targetProxy = 3110A2B81DA729B3003618C1 /* PBXContainerItemProxy */;
		};
/* End PBXTargetDependency section */

/* Begin PBXVariantGroup section */
		3110A2A41DA729B2003618C1 /* LaunchScreen.storyboard */ = {
			isa = PBXVariantGroup;
			children = (
				3110A2A51DA729B2003618C1 /* Base */,
			);
			name = LaunchScreen.storyboard;
			sourceTree = "<group>";
		};
/* End PBXVariantGroup section */

/* Begin XCBuildConfiguration section */
		3110A2BE1DA729B3003618C1 /* Debug */ = {
			isa = XCBuildConfiguration;
			buildSettings = {
				ALWAYS_SEARCH_USER_PATHS = NO;
				CLANG_ANALYZER_NONNULL = YES;
				CLANG_CXX_LANGUAGE_STANDARD = "gnu++0x";
				CLANG_CXX_LIBRARY = "libc++";
				CLANG_ENABLE_MODULES = YES;
				CLANG_ENABLE_OBJC_ARC = YES;
				CLANG_WARN_BOOL_CONVERSION = YES;
				CLANG_WARN_CONSTANT_CONVERSION = YES;
				CLANG_WARN_DIRECT_OBJC_ISA_USAGE = YES_ERROR;
				CLANG_WARN_EMPTY_BODY = YES;
				CLANG_WARN_ENUM_CONVERSION = YES;
				CLANG_WARN_INFINITE_RECURSION = YES;
				CLANG_WARN_INT_CONVERSION = YES;
				CLANG_WARN_OBJC_ROOT_CLASS = YES_ERROR;
				CLANG_WARN_SUSPICIOUS_MOVE = YES;
				CLANG_WARN_UNREACHABLE_CODE = YES;
				CLANG_WARN__DUPLICATE_METHOD_MATCH = YES;
				"CODE_SIGN_IDENTITY[sdk=iphoneos*]" = "iPhone Developer";
				COPY_PHASE_STRIP = NO;
				DEBUG_INFORMATION_FORMAT = dwarf;
				ENABLE_STRICT_OBJC_MSGSEND = YES;
				ENABLE_TESTABILITY = YES;
				GCC_C_LANGUAGE_STANDARD = gnu99;
				GCC_DYNAMIC_NO_PIC = NO;
				GCC_NO_COMMON_BLOCKS = YES;
				GCC_OPTIMIZATION_LEVEL = 0;
				GCC_PREPROCESSOR_DEFINITIONS = (
					"DEBUG=1",
					"$(inherited)",
				);
				GCC_WARN_64_TO_32_BIT_CONVERSION = YES;
				GCC_WARN_ABOUT_RETURN_TYPE = YES_ERROR;
				GCC_WARN_UNDECLARED_SELECTOR = YES;
				GCC_WARN_UNINITIALIZED_AUTOS = YES_AGGRESSIVE;
				GCC_WARN_UNUSED_FUNCTION = YES;
				GCC_WARN_UNUSED_VARIABLE = YES;
				IPHONEOS_DEPLOYMENT_TARGET = 9.3;
				MTL_ENABLE_DEBUG_INFO = YES;
				ONLY_ACTIVE_ARCH = YES;
				SDKROOT = iphoneos;
				SWIFT_OPTIMIZATION_LEVEL = "-Onone";
			};
			name = Debug;
		};
		3110A2BF1DA729B3003618C1 /* Release */ = {
			isa = XCBuildConfiguration;
			buildSettings = {
				ALWAYS_SEARCH_USER_PATHS = NO;
				CLANG_ANALYZER_NONNULL = YES;
				CLANG_CXX_LANGUAGE_STANDARD = "gnu++0x";
				CLANG_CXX_LIBRARY = "libc++";
				CLANG_ENABLE_MODULES = YES;
				CLANG_ENABLE_OBJC_ARC = YES;
				CLANG_WARN_BOOL_CONVERSION = YES;
				CLANG_WARN_CONSTANT_CONVERSION = YES;
				CLANG_WARN_DIRECT_OBJC_ISA_USAGE = YES_ERROR;
				CLANG_WARN_EMPTY_BODY = YES;
				CLANG_WARN_ENUM_CONVERSION = YES;
				CLANG_WARN_INFINITE_RECURSION = YES;
				CLANG_WARN_INT_CONVERSION = YES;
				CLANG_WARN_OBJC_ROOT_CLASS = YES_ERROR;
				CLANG_WARN_SUSPICIOUS_MOVE = YES;
				CLANG_WARN_UNREACHABLE_CODE = YES;
				CLANG_WARN__DUPLICATE_METHOD_MATCH = YES;
				"CODE_SIGN_IDENTITY[sdk=iphoneos*]" = "iPhone Developer";
				COPY_PHASE_STRIP = NO;
				DEBUG_INFORMATION_FORMAT = "dwarf-with-dsym";
				ENABLE_NS_ASSERTIONS = NO;
				ENABLE_STRICT_OBJC_MSGSEND = YES;
				GCC_C_LANGUAGE_STANDARD = gnu99;
				GCC_NO_COMMON_BLOCKS = YES;
				GCC_WARN_64_TO_32_BIT_CONVERSION = YES;
				GCC_WARN_ABOUT_RETURN_TYPE = YES_ERROR;
				GCC_WARN_UNDECLARED_SELECTOR = YES;
				GCC_WARN_UNINITIALIZED_AUTOS = YES_AGGRESSIVE;
				GCC_WARN_UNUSED_FUNCTION = YES;
				GCC_WARN_UNUSED_VARIABLE = YES;
				IPHONEOS_DEPLOYMENT_TARGET = 9.3;
				MTL_ENABLE_DEBUG_INFO = NO;
				SDKROOT = iphoneos;
				SWIFT_OPTIMIZATION_LEVEL = "-Owholemodule";
				VALIDATE_PRODUCT = YES;
			};
			name = Release;
		};
		3110A2C11DA729B3003618C1 /* Debug */ = {
			isa = XCBuildConfiguration;
			buildSettings = {
				ASSETCATALOG_COMPILER_APPICON_NAME = AppIcon;
				INFOPLIST_FILE = SleepAppSwift/Info.plist;
				LD_RUNPATH_SEARCH_PATHS = "$(inherited) @executable_path/Frameworks";
				PRODUCT_BUNDLE_IDENTIFIER = "Zhengyu-Huang.SleepAppSwift";
				PRODUCT_NAME = "$(TARGET_NAME)";
				SWIFT_VERSION = 2.3;
			};
			name = Debug;
		};
		3110A2C21DA729B3003618C1 /* Release */ = {
			isa = XCBuildConfiguration;
			buildSettings = {
				ASSETCATALOG_COMPILER_APPICON_NAME = AppIcon;
				INFOPLIST_FILE = SleepAppSwift/Info.plist;
				LD_RUNPATH_SEARCH_PATHS = "$(inherited) @executable_path/Frameworks";
				PRODUCT_BUNDLE_IDENTIFIER = "Zhengyu-Huang.SleepAppSwift";
				PRODUCT_NAME = "$(TARGET_NAME)";
				SWIFT_VERSION = 2.3;
			};
			name = Release;
		};
		3110A2C41DA729B3003618C1 /* Debug */ = {
			isa = XCBuildConfiguration;
			buildSettings = {
				BUNDLE_LOADER = "$(TEST_HOST)";
				INFOPLIST_FILE = SleepAppSwiftTests/Info.plist;
				LD_RUNPATH_SEARCH_PATHS = "$(inherited) @executable_path/Frameworks @loader_path/Frameworks";
				PRODUCT_BUNDLE_IDENTIFIER = "Zhengyu-Huang.SleepAppSwiftTests";
				PRODUCT_NAME = "$(TARGET_NAME)";
				SWIFT_VERSION = 2.3;
				TEST_HOST = "$(BUILT_PRODUCTS_DIR)/SleepAppSwift.app/SleepAppSwift";
			};
			name = Debug;
		};
		3110A2C51DA729B3003618C1 /* Release */ = {
			isa = XCBuildConfiguration;
			buildSettings = {
				BUNDLE_LOADER = "$(TEST_HOST)";
				INFOPLIST_FILE = SleepAppSwiftTests/Info.plist;
				LD_RUNPATH_SEARCH_PATHS = "$(inherited) @executable_path/Frameworks @loader_path/Frameworks";
				PRODUCT_BUNDLE_IDENTIFIER = "Zhengyu-Huang.SleepAppSwiftTests";
				PRODUCT_NAME = "$(TARGET_NAME)";
				SWIFT_VERSION = 2.3;
				TEST_HOST = "$(BUILT_PRODUCTS_DIR)/SleepAppSwift.app/SleepAppSwift";
			};
			name = Release;
		};
		3110A2C71DA729B3003618C1 /* Debug */ = {
			isa = XCBuildConfiguration;
			buildSettings = {
				INFOPLIST_FILE = SleepAppSwiftUITests/Info.plist;
				LD_RUNPATH_SEARCH_PATHS = "$(inherited) @executable_path/Frameworks @loader_path/Frameworks";
				PRODUCT_BUNDLE_IDENTIFIER = "Zhengyu-Huang.SleepAppSwiftUITests";
				PRODUCT_NAME = "$(TARGET_NAME)";
				SWIFT_VERSION = 2.3;
				TEST_TARGET_NAME = SleepAppSwift;
			};
			name = Debug;
		};
		3110A2C81DA729B3003618C1 /* Release */ = {
			isa = XCBuildConfiguration;
			buildSettings = {
				INFOPLIST_FILE = SleepAppSwiftUITests/Info.plist;
				LD_RUNPATH_SEARCH_PATHS = "$(inherited) @executable_path/Frameworks @loader_path/Frameworks";
				PRODUCT_BUNDLE_IDENTIFIER = "Zhengyu-Huang.SleepAppSwiftUITests";
				PRODUCT_NAME = "$(TARGET_NAME)";
				SWIFT_VERSION = 2.3;
				TEST_TARGET_NAME = SleepAppSwift;
			};
			name = Release;
		};
/* End XCBuildConfiguration section */

/* Begin XCConfigurationList section */
		3110A2911DA729B2003618C1 /* Build configuration list for PBXProject "SleepAppSwift" */ = {
			isa = XCConfigurationList;
			buildConfigurations = (
				3110A2BE1DA729B3003618C1 /* Debug */,
				3110A2BF1DA729B3003618C1 /* Release */,
			);
			defaultConfigurationIsVisible = 0;
			defaultConfigurationName = Release;
		};
		3110A2C01DA729B3003618C1 /* Build configuration list for PBXNativeTarget "SleepAppSwift" */ = {
			isa = XCConfigurationList;
			buildConfigurations = (
				3110A2C11DA729B3003618C1 /* Debug */,
				3110A2C21DA729B3003618C1 /* Release */,
			);
			defaultConfigurationIsVisible = 0;
			defaultConfigurationName = Release;
		};
		3110A2C31DA729B3003618C1 /* Build configuration list for PBXNativeTarget "SleepAppSwiftTests" */ = {
			isa = XCConfigurationList;
			buildConfigurations = (
				3110A2C41DA729B3003618C1 /* Debug */,
				3110A2C51DA729B3003618C1 /* Release */,
			);
			defaultConfigurationIsVisible = 0;
			defaultConfigurationName = Release;
		};
		3110A2C61DA729B3003618C1 /* Build configuration list for PBXNativeTarget "SleepAppSwiftUITests" */ = {
			isa = XCConfigurationList;
			buildConfigurations = (
				3110A2C71DA729B3003618C1 /* Debug */,
				3110A2C81DA729B3003618C1 /* Release */,
			);
			defaultConfigurationIsVisible = 0;
			defaultConfigurationName = Release;
		};
/* End XCConfigurationList section */
	};
	rootObject = 3110A28E1DA729B2003618C1 /* Project object */;
}
